
Microsoft Visual Studio Solution File, Format Version 12.00
# Visual Studio Version 16
VisualStudioVersion = 16.0.31729.503
MinimumVisualStudioVersion = 10.0.40219.1
Project("{FAE04EC0-301F-11D3-BF4B-00C04F79EFBC}") = "ProjetSuiviDesktop", "ProjetSuiviDesktop\ProjetSuiviDesktop.csproj", "{918E5558-F5E2-48C4-BCD3-63400BA7CE24}"
EndProject
Global
	GlobalSection(SolutionConfigurationPlatforms) = preSolution
		Debug|Any CPU = Debug|Any CPU
		Release|Any CPU = Release|Any CPU
	EndGlobalSection
	GlobalSection(ProjectConfigurationPlatforms) = postSolution
		{918E5558-F5E2-48C4-BCD3-63400BA7CE24}.Debug|Any CPU.ActiveCfg = Debug|Any CPU
		{918E5558-F5E2-48C4-BCD3-63400BA7CE24}.Debug|Any CPU.Build.0 = Debug|Any CPU
		{918E5558-F5E2-48C4-BCD3-63400BA7CE24}.Release|Any CPU.ActiveCfg = Release|Any CPU
		{918E5558-F5E2-48C4-BCD3-63400BA7CE24}.Release|Any CPU.Build.0 = Release|Any CPU
	EndGlobalSection
	GlobalSection(SolutionProperties) = preSolution
		HideSolutionNode = FALSE
	EndGlobalSection
	GlobalSection(ExtensibilityGlobals) = postSolution
		SolutionGuid = {52918D79-018D-45B9-A740-1AECD44D179E}
	EndGlobalSection
EndGlobal
